
Microsoft Visual Studio Solution File, Format Version 12.00
# Visual Studio Version 16
VisualStudioVersion = 16.0.29318.209
MinimumVisualStudioVersion = 10.0.40219.1
Project("{FAE04EC0-301F-11D3-BF4B-00C04F79EFBC}") = "WriteLog_Apps", "WriteLog_Apps\WriteLog_Apps.csproj", "{B528C30B-1B2A-4A68-9C75-FF629EC3907C}"
EndProject
Global
	GlobalSection(SolutionConfigurationPlatforms) = preSolution
		Debug|Any CPU = Debug|Any CPU
		Release|Any CPU = Release|Any CPU
	EndGlobalSection
	GlobalSection(ProjectConfigurationPlatforms) = postSolution
		{B528C30B-1B2A-4A68-9C75-FF629EC3907C}.Debug|Any CPU.ActiveCfg = Debug|Any CPU
		{B528C30B-1B2A-4A68-9C75-FF629EC3907C}.Debug|Any CPU.Build.0 = Debug|Any CPU
		{B528C30B-1B2A-4A68-9C75-FF629EC3907C}.Release|Any CPU.ActiveCfg = Release|Any CPU
		{B528C30B-1B2A-4A68-9C75-FF629EC3907C}.Release|Any CPU.Build.0 = Release|Any CPU
	EndGlobalSection
	GlobalSection(SolutionProperties) = preSolution
		HideSolutionNode = FALSE
	EndGlobalSection
	GlobalSection(ExtensibilityGlobals) = postSolution
		SolutionGuid = {00B7E9FE-0225-4351-8BE3-C64450866784}
	EndGlobalSection
EndGlobal
